# This file is automatically @generated by Cargo.
# It is not intended for manual editing.
version = 3

[[package]]
name = "dbg2"
version = "0.1.0"
dependencies = [
 "diplomat",
 "diplomat-runtime",
]

[[package]]
name = "diplomat"
version = "0.8.0"
source = "git+https://github.com/rust-diplomat/diplomat?rev=3a6e50cdf921247fb87979c9a709e7f1df5b8046#3a6e50cdf921247fb87979c9a709e7f1df5b8046"
dependencies = [
 "diplomat_core",
 "proc-macro2",
 "quote",
 "syn",
]

[[package]]
name = "diplomat-runtime"
version = "0.8.1"
source = "git+https://github.com/rust-diplomat/diplomat?rev=3a6e50cdf921247fb87979c9a709e7f1df5b8046#3a6e50cdf921247fb87979c9a709e7f1df5b8046"

[[package]]
name = "diplomat_core"
version = "0.8.0"
source = "git+https://github.com/rust-diplomat/diplomat?rev=3a6e50cdf921247fb87979c9a709e7f1df5b8046#3a6e50cdf921247fb87979c9a709e7f1df5b8046"
dependencies = [
 "proc-macro2",
 "quote",
 "serde",
 "smallvec",
 "strck_ident",
 "syn",
]

[[package]]
name = "proc-macro2"
version = "1.0.86"
source = "registry+https://github.com/rust-lang/crates.io-index"
checksum = "5e719e8df665df0d1c8fbfd238015744736151d4445ec0836b8e628aae103b77"
dependencies = [
 "unicode-ident",
]

[[package]]
name = "quote"
version = "1.0.37"
source = "registry+https://github.com/rust-lang/crates.io-index"
checksum = "b5b9d34b8991d19d98081b46eacdd8eb58c6f2b201139f7c5f643cc155a633af"
dependencies = [
 "proc-macro2",
]

[[package]]
name = "serde"
version = "1.0.210"
source = "registry+https://github.com/rust-lang/crates.io-index"
checksum = "c8e3592472072e6e22e0a54d5904d9febf8508f65fb8552499a1abc7d1078c3a"
dependencies = [
 "serde_derive",
]

[[package]]
name = "serde_derive"
version = "1.0.210"
source = "registry+https://github.com/rust-lang/crates.io-index"
checksum = "243902eda00fad750862fc144cea25caca5e20d615af0a81bee94ca738f1df1f"
dependencies = [
 "proc-macro2",
 "quote",
 "syn",
]

[[package]]
name = "smallvec"
version = "1.13.2"
source = "registry+https://github.com/rust-lang/crates.io-index"
checksum = "3c5e1a9a646d36c3599cd173a41282daf47c44583ad367b8e6837255952e5c67"

[[package]]
name = "strck"
version = "0.1.2"
source = "registry+https://github.com/rust-lang/crates.io-index"
checksum = "be91090ded9d8f979d9fe921777342d37e769e0b6b7296843a7a38247240e917"

[[package]]
name = "strck_ident"
version = "0.1.2"
source = "registry+https://github.com/rust-lang/crates.io-index"
checksum = "e1c3802b169b3858a44667f221c9a0b3136e6019936ea926fc97fbad8af77202"
dependencies = [
 "strck",
 "unicode-ident",
]

[[package]]
name = "syn"
version = "2.0.79"
source = "registry+https://github.com/rust-lang/crates.io-index"
checksum = "89132cd0bf050864e1d38dc3bbc07a0eb8e7530af26344d3d2bbbef83499f590"
dependencies = [
 "proc-macro2",
 "quote",
 "unicode-ident",
]

[[package]]
name = "unicode-ident"
version = "1.0.13"
source = "registry+https://github.com/rust-lang/crates.io-index"
checksum = "e91b56cd4cadaeb79bbf1a5645f6b4f8dc5bde8834ad5894a8db35fda9efa1fe"
